
Microsoft Visual Studio Solution File, Format Version 12.00
# Visual Studio 15
VisualStudioVersion = 15.0.27004.2009
MinimumVisualStudioVersion = 10.0.40219.1
Project("{FAE04EC0-301F-11D3-BF4B-00C04F79EFBC}") = "android", "android\android.csproj", "{E0D826AC-ACD1-463F-A58F-14543FFE99DC}"
EndProject
Project("{9A19103F-16F7-4668-BE54-9A1E7A4F7556}") = "dto", "..\libs\dto\dto.csproj", "{5DF642D9-4275-4D9A-9F09-273B60443A24}"
EndProject
Project("{FAE04EC0-301F-11D3-BF4B-00C04F79EFBC}") = "android.extensions", "android.extensions\android.extensions.csproj", "{A9602A7E-D615-4B01-9763-E8E1ADB64635}"
EndProject
Project("{FAE04EC0-301F-11D3-BF4B-00C04F79EFBC}") = "models", "..\libs\models\models.csproj", "{047B36D8-9F20-4A9A-99D7-59B518559142}"
EndProject
Project("{9A19103F-16F7-4668-BE54-9A1E7A4F7556}") = "utils", "..\libs\utlis\utils.csproj", "{E1CF9DFA-8478-43D0-A9DC-4357FD90A7C8}"
EndProject
Global
	GlobalSection(SolutionConfigurationPlatforms) = preSolution
		Ad-Hoc|Any CPU = Ad-Hoc|Any CPU
		Ad-Hoc|ARM = Ad-Hoc|ARM
		Ad-Hoc|iPhone = Ad-Hoc|iPhone
		Ad-Hoc|iPhoneSimulator = Ad-Hoc|iPhoneSimulator
		Ad-Hoc|x64 = Ad-Hoc|x64
		Ad-Hoc|x86 = Ad-Hoc|x86
		AppStore|Any CPU = AppStore|Any CPU
		AppStore|ARM = AppStore|ARM
		AppStore|iPhone = AppStore|iPhone
		AppStore|iPhoneSimulator = AppStore|iPhoneSimulator
		AppStore|x64 = AppStore|x64
		AppStore|x86 = AppStore|x86
		Debug|Any CPU = Debug|Any CPU
		Debug|ARM = Debug|ARM
		Debug|iPhone = Debug|iPhone
		Debug|iPhoneSimulator = Debug|iPhoneSimulator
		Debug|x64 = Debug|x64
		Debug|x86 = Debug|x86
		Release|Any CPU = Release|Any CPU
		Release|ARM = Release|ARM
		Release|iPhone = Release|iPhone
		Release|iPhoneSimulator = Release|iPhoneSimulator
		Release|x64 = Release|x64
		Release|x86 = Release|x86
	EndGlobalSection
	GlobalSection(ProjectConfigurationPlatforms) = postSolution
		{E0D826AC-ACD1-463F-A58F-14543FFE99DC}.Ad-Hoc|Any CPU.ActiveCfg = Release|Any CPU
		{E0D826AC-ACD1-463F-A58F-14543FFE99DC}.Ad-Hoc|Any CPU.Build.0 = Release|Any CPU
		{E0D826AC-ACD1-463F-A58F-14543FFE99DC}.Ad-Hoc|Any CPU.Deploy.0 = Release|Any CPU
		{E0D826AC-ACD1-463F-A58F-14543FFE99DC}.Ad-Hoc|ARM.ActiveCfg = Release|Any CPU
		{E0D826AC-ACD1-463F-A58F-14543FFE99DC}.Ad-Hoc|ARM.Build.0 = Release|Any CPU
		{E0D826AC-ACD1-463F-A58F-14543FFE99DC}.Ad-Hoc|ARM.Deploy.0 = Release|Any CPU
		{E0D826AC-ACD1-463F-A58F-14543FFE99DC}.Ad-Hoc|iPhone.ActiveCfg = Release|Any CPU
		{E0D826AC-ACD1-463F-A58F-14543FFE99DC}.Ad-Hoc|iPhone.Build.0 = Release|Any CPU
		{E0D826AC-ACD1-463F-A58F-14543FFE99DC}.Ad-Hoc|iPhone.Deploy.0 = Release|Any CPU
		{E0D826AC-ACD1-463F-A58F-14543FFE99DC}.Ad-Hoc|iPhoneSimulator.ActiveCfg = Release|Any CPU
		{E0D826AC-ACD1-463F-A58F-14543FFE99DC}.Ad-Hoc|iPhoneSimulator.Build.0 = Release|Any CPU
		{E0D826AC-ACD1-463F-A58F-14543FFE99DC}.Ad-Hoc|iPhoneSimulator.Deploy.0 = Release|Any CPU
		{E0D826AC-ACD1-463F-A58F-14543FFE99DC}.Ad-Hoc|x64.ActiveCfg = Release|Any CPU
		{E0D826AC-ACD1-463F-A58F-14543FFE99DC}.Ad-Hoc|x64.Build.0 = Release|Any CPU
		{E0D826AC-ACD1-463F-A58F-14543FFE99DC}.Ad-Hoc|x64.Deploy.0 = Release|Any CPU
		{E0D826AC-ACD1-463F-A58F-14543FFE99DC}.Ad-Hoc|x86.ActiveCfg = Release|Any CPU
		{E0D826AC-ACD1-463F-A58F-14543FFE99DC}.Ad-Hoc|x86.Build.0 = Release|Any CPU
		{E0D826AC-ACD1-463F-A58F-14543FFE99DC}.Ad-Hoc|x86.Deploy.0 = Release|Any CPU
		{E0D826AC-ACD1-463F-A58F-14543FFE99DC}.AppStore|Any CPU.ActiveCfg = Release|Any CPU
		{E0D826AC-ACD1-463F-A58F-14543FFE99DC}.AppStore|Any CPU.Build.0 = Release|Any CPU
		{E0D826AC-ACD1-463F-A58F-14543FFE99DC}.AppStore|Any CPU.Deploy.0 = Release|Any CPU
		{E0D826AC-ACD1-463F-A58F-14543FFE99DC}.AppStore|ARM.ActiveCfg = Release|Any CPU
		{E0D826AC-ACD1-463F-A58F-14543FFE99DC}.AppStore|ARM.Build.0 = Release|Any CPU
		{E0D826AC-ACD1-463F-A58F-14543FFE99DC}.AppStore|ARM.Deploy.0 = Release|Any CPU
		{E0D826AC-ACD1-463F-A58F-14543FFE99DC}.AppStore|iPhone.ActiveCfg = Release|Any CPU
		{E0D826AC-ACD1-463F-A58F-14543FFE99DC}.AppStore|iPhone.Build.0 = Release|Any CPU
		{E0D826AC-ACD1-463F-A58F-14543FFE99DC}.AppStore|iPhone.Deploy.0 = Release|Any CPU
		{E0D826AC-ACD1-463F-A58F-14543FFE99DC}.AppStore|iPhoneSimulator.ActiveCfg = Release|Any CPU
		{E0D826AC-ACD1-463F-A58F-14543FFE99DC}.AppStore|iPhoneSimulator.Build.0 = Release|Any CPU
		{E0D826AC-ACD1-463F-A58F-14543FFE99DC}.AppStore|iPhoneSimulator.Deploy.0 = Release|Any CPU
		{E0D826AC-ACD1-463F-A58F-14543FFE99DC}.AppStore|x64.ActiveCfg = Release|Any CPU
		{E0D826AC-ACD1-463F-A58F-14543FFE99DC}.AppStore|x64.Build.0 = Release|Any CPU
		{E0D826AC-ACD1-463F-A58F-14543FFE99DC}.AppStore|x64.Deploy.0 = Release|Any CPU
		{E0D826AC-ACD1-463F-A58F-14543FFE99DC}.AppStore|x86.ActiveCfg = Release|Any CPU
		{E0D826AC-ACD1-463F-A58F-14543FFE99DC}.AppStore|x86.Build.0 = Release|Any CPU
		{E0D826AC-ACD1-463F-A58F-14543FFE99DC}.AppStore|x86.Deploy.0 = Release|Any CPU
		{E0D826AC-ACD1-463F-A58F-14543FFE99DC}.Debug|Any CPU.ActiveCfg = Debug|Any CPU
		{E0D826AC-ACD1-463F-A58F-14543FFE99DC}.Debug|Any CPU.Build.0 = Debug|Any CPU
		{E0D826AC-ACD1-463F-A58F-14543FFE99DC}.Debug|Any CPU.Deploy.0 = Debug|Any CPU
		{E0D826AC-ACD1-463F-A58F-14543FFE99DC}.Debug|ARM.ActiveCfg = Debug|Any CPU
		{E0D826AC-ACD1-463F-A58F-14543FFE99DC}.Debug|ARM.Build.0 = Debug|Any CPU
		{E0D826AC-ACD1-463F-A58F-14543FFE99DC}.Debug|ARM.Deploy.0 = Debug|Any CPU
		{E0D826AC-ACD1-463F-A58F-14543FFE99DC}.Debug|iPhone.ActiveCfg = Debug|Any CPU
		{E0D826AC-ACD1-463F-A58F-14543FFE99DC}.Debug|iPhone.Build.0 = Debug|Any CPU
		{E0D826AC-ACD1-463F-A58F-14543FFE99DC}.Debug|iPhone.Deploy.0 = Debug|Any CPU
		{E0D826AC-ACD1-463F-A58F-14543FFE99DC}.Debug|iPhoneSimulator.ActiveCfg = Debug|Any CPU
		{E0D826AC-ACD1-463F-A58F-14543FFE99DC}.Debug|iPhoneSimulator.Build.0 = Debug|Any CPU
		{E0D826AC-ACD1-463F-A58F-14543FFE99DC}.Debug|iPhoneSimulator.Deploy.0 = Debug|Any CPU
		{E0D826AC-ACD1-463F-A58F-14543FFE99DC}.Debug|x64.ActiveCfg = Debug|Any CPU
		{E0D826AC-ACD1-463F-A58F-14543FFE99DC}.Debug|x64.Build.0 = Debug|Any CPU
		{E0D826AC-ACD1-463F-A58F-14543FFE99DC}.Debug|x64.Deploy.0 = Debug|Any CPU
		{E0D826AC-ACD1-463F-A58F-14543FFE99DC}.Debug|x86.ActiveCfg = Debug|Any CPU
		{E0D826AC-ACD1-463F-A58F-14543FFE99DC}.Debug|x86.Build.0 = Debug|Any CPU
		{E0D826AC-ACD1-463F-A58F-14543FFE99DC}.Debug|x86.Deploy.0 = Debug|Any CPU
		{E0D826AC-ACD1-463F-A58F-14543FFE99DC}.Release|Any CPU.ActiveCfg = Release|Any CPU
		{E0D826AC-ACD1-463F-A58F-14543FFE99DC}.Release|Any CPU.Build.0 = Release|Any CPU
		{E0D826AC-ACD1-463F-A58F-14543FFE99DC}.Release|Any CPU.Deploy.0 = Release|Any CPU
		{E0D826AC-ACD1-463F-A58F-14543FFE99DC}.Release|ARM.ActiveCfg = Release|Any CPU
		{E0D826AC-ACD1-463F-A58F-14543FFE99DC}.Release|ARM.Build.0 = Release|Any CPU
		{E0D826AC-ACD1-463F-A58F-14543FFE99DC}.Release|ARM.Deploy.0 = Release|Any CPU
		{E0D826AC-ACD1-463F-A58F-14543FFE99DC}.Release|iPhone.ActiveCfg = Release|Any CPU
		{E0D826AC-ACD1-463F-A58F-14543FFE99DC}.Release|iPhone.Build.0 = Release|Any CPU
		{E0D826AC-ACD1-463F-A58F-14543FFE99DC}.Release|iPhone.Deploy.0 = Release|Any CPU
		{E0D826AC-ACD1-463F-A58F-14543FFE99DC}.Release|iPhoneSimulator.ActiveCfg = Release|Any CPU
		{E0D826AC-ACD1-463F-A58F-14543FFE99DC}.Release|iPhoneSimulator.Build.0 = Release|Any CPU
		{E0D826AC-ACD1-463F-A58F-14543FFE99DC}.Release|iPhoneSimulator.Deploy.0 = Release|Any CPU
		{E0D826AC-ACD1-463F-A58F-14543FFE99DC}.Release|x64.ActiveCfg = Release|Any CPU
		{E0D826AC-ACD1-463F-A58F-14543FFE99DC}.Release|x64.Build.0 = Release|Any CPU
		{E0D826AC-ACD1-463F-A58F-14543FFE99DC}.Release|x64.Deploy.0 = Release|Any CPU
		{E0D826AC-ACD1-463F-A58F-14543FFE99DC}.Release|x86.ActiveCfg = Release|Any CPU
		{E0D826AC-ACD1-463F-A58F-14543FFE99DC}.Release|x86.Build.0 = Release|Any CPU
		{E0D826AC-ACD1-463F-A58F-14543FFE99DC}.Release|x86.Deploy.0 = Release|Any CPU
		{5DF642D9-4275-4D9A-9F09-273B60443A24}.Ad-Hoc|Any CPU.ActiveCfg = Release|Any CPU
		{5DF642D9-4275-4D9A-9F09-273B60443A24}.Ad-Hoc|Any CPU.Build.0 = Release|Any CPU
		{5DF642D9-4275-4D9A-9F09-273B60443A24}.Ad-Hoc|ARM.ActiveCfg = Release|Any CPU
		{5DF642D9-4275-4D9A-9F09-273B60443A24}.Ad-Hoc|ARM.Build.0 = Release|Any CPU
		{5DF642D9-4275-4D9A-9F09-273B60443A24}.Ad-Hoc|iPhone.ActiveCfg = Release|Any CPU
		{5DF642D9-4275-4D9A-9F09-273B60443A24}.Ad-Hoc|iPhone.Build.0 = Release|Any CPU
		{5DF642D9-4275-4D9A-9F09-273B60443A24}.Ad-Hoc|iPhoneSimulator.ActiveCfg = Release|Any CPU
		{5DF642D9-4275-4D9A-9F09-273B60443A24}.Ad-Hoc|iPhoneSimulator.Build.0 = Release|Any CPU
		{5DF642D9-4275-4D9A-9F09-273B60443A24}.Ad-Hoc|x64.ActiveCfg = Release|Any CPU
		{5DF642D9-4275-4D9A-9F09-273B60443A24}.Ad-Hoc|x64.Build.0 = Release|Any CPU
		{5DF642D9-4275-4D9A-9F09-273B60443A24}.Ad-Hoc|x86.ActiveCfg = Release|Any CPU
		{5DF642D9-4275-4D9A-9F09-273B60443A24}.Ad-Hoc|x86.Build.0 = Release|Any CPU
		{5DF642D9-4275-4D9A-9F09-273B60443A24}.AppStore|Any CPU.ActiveCfg = Release|Any CPU
		{5DF642D9-4275-4D9A-9F09-273B60443A24}.AppStore|Any CPU.Build.0 = Release|Any CPU
		{5DF642D9-4275-4D9A-9F09-273B60443A24}.AppStore|ARM.ActiveCfg = Release|Any CPU
		{5DF642D9-4275-4D9A-9F09-273B60443A24}.AppStore|ARM.Build.0 = Release|Any CPU
		{5DF642D9-4275-4D9A-9F09-273B60443A24}.AppStore|iPhone.ActiveCfg = Release|Any CPU
		{5DF642D9-4275-4D9A-9F09-273B60443A24}.AppStore|iPhone.Build.0 = Release|Any CPU
		{5DF642D9-4275-4D9A-9F09-273B60443A24}.AppStore|iPhoneSimulator.ActiveCfg = Release|Any CPU
		{5DF642D9-4275-4D9A-9F09-273B60443A24}.AppStore|iPhoneSimulator.Build.0 = Release|Any CPU
		{5DF642D9-4275-4D9A-9F09-273B60443A24}.AppStore|x64.ActiveCfg = Release|Any CPU
		{5DF642D9-4275-4D9A-9F09-273B60443A24}.AppStore|x64.Build.0 = Release|Any CPU
		{5DF642D9-4275-4D9A-9F09-273B60443A24}.AppStore|x86.ActiveCfg = Release|Any CPU
		{5DF642D9-4275-4D9A-9F09-273B60443A24}.AppStore|x86.Build.0 = Release|Any CPU
		{5DF642D9-4275-4D9A-9F09-273B60443A24}.Debug|Any CPU.ActiveCfg = Debug|Any CPU
		{5DF642D9-4275-4D9A-9F09-273B60443A24}.Debug|Any CPU.Build.0 = Debug|Any CPU
		{5DF642D9-4275-4D9A-9F09-273B60443A24}.Debug|ARM.ActiveCfg = Debug|Any CPU
		{5DF642D9-4275-4D9A-9F09-273B60443A24}.Debug|ARM.Build.0 = Debug|Any CPU
		{5DF642D9-4275-4D9A-9F09-273B60443A24}.Debug|iPhone.ActiveCfg = Debug|Any CPU
		{5DF642D9-4275-4D9A-9F09-273B60443A24}.Debug|iPhone.Build.0 = Debug|Any CPU
		{5DF642D9-4275-4D9A-9F09-273B60443A24}.Debug|iPhoneSimulator.ActiveCfg = Debug|Any CPU
		{5DF642D9-4275-4D9A-9F09-273B60443A24}.Debug|iPhoneSimulator.Build.0 = Debug|Any CPU
		{5DF642D9-4275-4D9A-9F09-273B60443A24}.Debug|x64.ActiveCfg = Debug|Any CPU
		{5DF642D9-4275-4D9A-9F09-273B60443A24}.Debug|x64.Build.0 = Debug|Any CPU
		{5DF642D9-4275-4D9A-9F09-273B60443A24}.Debug|x86.ActiveCfg = Debug|Any CPU
		{5DF642D9-4275-4D9A-9F09-273B60443A24}.Debug|x86.Build.0 = Debug|Any CPU
		{5DF642D9-4275-4D9A-9F09-273B60443A24}.Release|Any CPU.ActiveCfg = Release|Any CPU
		{5DF642D9-4275-4D9A-9F09-273B60443A24}.Release|Any CPU.Build.0 = Release|Any CPU
		{5DF642D9-4275-4D9A-9F09-273B60443A24}.Release|ARM.ActiveCfg = Release|Any CPU
		{5DF642D9-4275-4D9A-9F09-273B60443A24}.Release|ARM.Build.0 = Release|Any CPU
		{5DF642D9-4275-4D9A-9F09-273B60443A24}.Release|iPhone.ActiveCfg = Release|Any CPU
		{5DF642D9-4275-4D9A-9F09-273B60443A24}.Release|iPhone.Build.0 = Release|Any CPU
		{5DF642D9-4275-4D9A-9F09-273B60443A24}.Release|iPhoneSimulator.ActiveCfg = Release|Any CPU
		{5DF642D9-4275-4D9A-9F09-273B60443A24}.Release|iPhoneSimulator.Build.0 = Release|Any CPU
		{5DF642D9-4275-4D9A-9F09-273B60443A24}.Release|x64.ActiveCfg = Release|Any CPU
		{5DF642D9-4275-4D9A-9F09-273B60443A24}.Release|x64.Build.0 = Release|Any CPU
		{5DF642D9-4275-4D9A-9F09-273B60443A24}.Release|x86.ActiveCfg = Release|Any CPU
		{5DF642D9-4275-4D9A-9F09-273B60443A24}.Release|x86.Build.0 = Release|Any CPU
		{A9602A7E-D615-4B01-9763-E8E1ADB64635}.Ad-Hoc|Any CPU.ActiveCfg = Release|Any CPU
		{A9602A7E-D615-4B01-9763-E8E1ADB64635}.Ad-Hoc|Any CPU.Build.0 = Release|Any CPU
		{A9602A7E-D615-4B01-9763-E8E1ADB64635}.Ad-Hoc|ARM.ActiveCfg = Release|Any CPU
		{A9602A7E-D615-4B01-9763-E8E1ADB64635}.Ad-Hoc|ARM.Build.0 = Release|Any CPU
		{A9602A7E-D615-4B01-9763-E8E1ADB64635}.Ad-Hoc|iPhone.ActiveCfg = Release|Any CPU
		{A9602A7E-D615-4B01-9763-E8E1ADB64635}.Ad-Hoc|iPhone.Build.0 = Release|Any CPU
		{A9602A7E-D615-4B01-9763-E8E1ADB64635}.Ad-Hoc|iPhoneSimulator.ActiveCfg = Release|Any CPU
		{A9602A7E-D615-4B01-9763-E8E1ADB64635}.Ad-Hoc|iPhoneSimulator.Build.0 = Release|Any CPU
		{A9602A7E-D615-4B01-9763-E8E1ADB64635}.Ad-Hoc|x64.ActiveCfg = Release|Any CPU
		{A9602A7E-D615-4B01-9763-E8E1ADB64635}.Ad-Hoc|x64.Build.0 = Release|Any CPU
		{A9602A7E-D615-4B01-9763-E8E1ADB64635}.Ad-Hoc|x86.ActiveCfg = Release|Any CPU
		{A9602A7E-D615-4B01-9763-E8E1ADB64635}.Ad-Hoc|x86.Build.0 = Release|Any CPU
		{A9602A7E-D615-4B01-9763-E8E1ADB64635}.AppStore|Any CPU.ActiveCfg = Release|Any CPU
		{A9602A7E-D615-4B01-9763-E8E1ADB64635}.AppStore|Any CPU.Build.0 = Release|Any CPU
		{A9602A7E-D615-4B01-9763-E8E1ADB64635}.AppStore|ARM.ActiveCfg = Release|Any CPU
		{A9602A7E-D615-4B01-9763-E8E1ADB64635}.AppStore|ARM.Build.0 = Release|Any CPU
		{A9602A7E-D615-4B01-9763-E8E1ADB64635}.AppStore|iPhone.ActiveCfg = Release|Any CPU
		{A9602A7E-D615-4B01-9763-E8E1ADB64635}.AppStore|iPhone.Build.0 = Release|Any CPU
		{A9602A7E-D615-4B01-9763-E8E1ADB64635}.AppStore|iPhoneSimulator.ActiveCfg = Release|Any CPU
		{A9602A7E-D615-4B01-9763-E8E1ADB64635}.AppStore|iPhoneSimulator.Build.0 = Release|Any CPU
		{A9602A7E-D615-4B01-9763-E8E1ADB64635}.AppStore|x64.ActiveCfg = Release|Any CPU
		{A9602A7E-D615-4B01-9763-E8E1ADB64635}.AppStore|x64.Build.0 = Release|Any CPU
		{A9602A7E-D615-4B01-9763-E8E1ADB64635}.AppStore|x86.ActiveCfg = Release|Any CPU
		{A9602A7E-D615-4B01-9763-E8E1ADB64635}.AppStore|x86.Build.0 = Release|Any CPU
		{A9602A7E-D615-4B01-9763-E8E1ADB64635}.Debug|Any CPU.ActiveCfg = Debug|Any CPU
		{A9602A7E-D615-4B01-9763-E8E1ADB64635}.Debug|Any CPU.Build.0 = Debug|Any CPU
		{A9602A7E-D615-4B01-9763-E8E1ADB64635}.Debug|ARM.ActiveCfg = Debug|Any CPU
		{A9602A7E-D615-4B01-9763-E8E1ADB64635}.Debug|ARM.Build.0 = Debug|Any CPU
		{A9602A7E-D615-4B01-9763-E8E1ADB64635}.Debug|iPhone.ActiveCfg = Debug|Any CPU
		{A9602A7E-D615-4B01-9763-E8E1ADB64635}.Debug|iPhone.Build.0 = Debug|Any CPU
		{A9602A7E-D615-4B01-9763-E8E1ADB64635}.Debug|iPhoneSimulator.ActiveCfg = Debug|Any CPU
		{A9602A7E-D615-4B01-9763-E8E1ADB64635}.Debug|iPhoneSimulator.Build.0 = Debug|Any CPU
		{A9602A7E-D615-4B01-9763-E8E1ADB64635}.Debug|x64.ActiveCfg = Debug|Any CPU
		{A9602A7E-D615-4B01-9763-E8E1ADB64635}.Debug|x64.Build.0 = Debug|Any CPU
		{A9602A7E-D615-4B01-9763-E8E1ADB64635}.Debug|x86.ActiveCfg = Debug|Any CPU
		{A9602A7E-D615-4B01-9763-E8E1ADB64635}.Debug|x86.Build.0 = Debug|Any CPU
		{A9602A7E-D615-4B01-9763-E8E1ADB64635}.Release|Any CPU.ActiveCfg = Release|Any CPU
		{A9602A7E-D615-4B01-9763-E8E1ADB64635}.Release|Any CPU.Build.0 = Release|Any CPU
		{A9602A7E-D615-4B01-9763-E8E1ADB64635}.Release|ARM.ActiveCfg = Release|Any CPU
		{A9602A7E-D615-4B01-9763-E8E1ADB64635}.Release|ARM.Build.0 = Release|Any CPU
		{A9602A7E-D615-4B01-9763-E8E1ADB64635}.Release|iPhone.ActiveCfg = Release|Any CPU
		{A9602A7E-D615-4B01-9763-E8E1ADB64635}.Release|iPhone.Build.0 = Release|Any CPU
		{A9602A7E-D615-4B01-9763-E8E1ADB64635}.Release|iPhoneSimulator.ActiveCfg = Release|Any CPU
		{A9602A7E-D615-4B01-9763-E8E1ADB64635}.Release|iPhoneSimulator.Build.0 = Release|Any CPU
		{A9602A7E-D615-4B01-9763-E8E1ADB64635}.Release|x64.ActiveCfg = Release|Any CPU
		{A9602A7E-D615-4B01-9763-E8E1ADB64635}.Release|x64.Build.0 = Release|Any CPU
		{A9602A7E-D615-4B01-9763-E8E1ADB64635}.Release|x86.ActiveCfg = Release|Any CPU
		{A9602A7E-D615-4B01-9763-E8E1ADB64635}.Release|x86.Build.0 = Release|Any CPU
		{047B36D8-9F20-4A9A-99D7-59B518559142}.Ad-Hoc|Any CPU.ActiveCfg = Debug|Any CPU
		{047B36D8-9F20-4A9A-99D7-59B518559142}.Ad-Hoc|Any CPU.Build.0 = Debug|Any CPU
		{047B36D8-9F20-4A9A-99D7-59B518559142}.Ad-Hoc|ARM.ActiveCfg = Debug|Any CPU
		{047B36D8-9F20-4A9A-99D7-59B518559142}.Ad-Hoc|ARM.Build.0 = Debug|Any CPU
		{047B36D8-9F20-4A9A-99D7-59B518559142}.Ad-Hoc|iPhone.ActiveCfg = Debug|Any CPU
		{047B36D8-9F20-4A9A-99D7-59B518559142}.Ad-Hoc|iPhone.Build.0 = Debug|Any CPU
		{047B36D8-9F20-4A9A-99D7-59B518559142}.Ad-Hoc|iPhoneSimulator.ActiveCfg = Debug|Any CPU
		{047B36D8-9F20-4A9A-99D7-59B518559142}.Ad-Hoc|iPhoneSimulator.Build.0 = Debug|Any CPU
		{047B36D8-9F20-4A9A-99D7-59B518559142}.Ad-Hoc|x64.ActiveCfg = Debug|Any CPU
		{047B36D8-9F20-4A9A-99D7-59B518559142}.Ad-Hoc|x64.Build.0 = Debug|Any CPU
		{047B36D8-9F20-4A9A-99D7-59B518559142}.Ad-Hoc|x86.ActiveCfg = Debug|Any CPU
		{047B36D8-9F20-4A9A-99D7-59B518559142}.Ad-Hoc|x86.Build.0 = Debug|Any CPU
		{047B36D8-9F20-4A9A-99D7-59B518559142}.AppStore|Any CPU.ActiveCfg = Debug|Any CPU
		{047B36D8-9F20-4A9A-99D7-59B518559142}.AppStore|Any CPU.Build.0 = Debug|Any CPU
		{047B36D8-9F20-4A9A-99D7-59B518559142}.AppStore|ARM.ActiveCfg = Debug|Any CPU
		{047B36D8-9F20-4A9A-99D7-59B518559142}.AppStore|ARM.Build.0 = Debug|Any CPU
		{047B36D8-9F20-4A9A-99D7-59B518559142}.AppStore|iPhone.ActiveCfg = Debug|Any CPU
		{047B36D8-9F20-4A9A-99D7-59B518559142}.AppStore|iPhone.Build.0 = Debug|Any CPU
		{047B36D8-9F20-4A9A-99D7-59B518559142}.AppStore|iPhoneSimulator.ActiveCfg = Debug|Any CPU
		{047B36D8-9F20-4A9A-99D7-59B518559142}.AppStore|iPhoneSimulator.Build.0 = Debug|Any CPU
		{047B36D8-9F20-4A9A-99D7-59B518559142}.AppStore|x64.ActiveCfg = Debug|Any CPU
		{047B36D8-9F20-4A9A-99D7-59B518559142}.AppStore|x64.Build.0 = Debug|Any CPU
		{047B36D8-9F20-4A9A-99D7-59B518559142}.AppStore|x86.ActiveCfg = Debug|Any CPU
		{047B36D8-9F20-4A9A-99D7-59B518559142}.AppStore|x86.Build.0 = Debug|Any CPU
		{047B36D8-9F20-4A9A-99D7-59B518559142}.Debug|Any CPU.ActiveCfg = Debug|Any CPU
		{047B36D8-9F20-4A9A-99D7-59B518559142}.Debug|Any CPU.Build.0 = Debug|Any CPU
		{047B36D8-9F20-4A9A-99D7-59B518559142}.Debug|ARM.ActiveCfg = Debug|Any CPU
		{047B36D8-9F20-4A9A-99D7-59B518559142}.Debug|ARM.Build.0 = Debug|Any CPU
		{047B36D8-9F20-4A9A-99D7-59B518559142}.Debug|iPhone.ActiveCfg = Debug|Any CPU
		{047B36D8-9F20-4A9A-99D7-59B518559142}.Debug|iPhone.Build.0 = Debug|Any CPU
		{047B36D8-9F20-4A9A-99D7-59B518559142}.Debug|iPhoneSimulator.ActiveCfg = Debug|Any CPU
		{047B36D8-9F20-4A9A-99D7-59B518559142}.Debug|iPhoneSimulator.Build.0 = Debug|Any CPU
		{047B36D8-9F20-4A9A-99D7-59B518559142}.Debug|x64.ActiveCfg = Debug|Any CPU
		{047B36D8-9F20-4A9A-99D7-59B518559142}.Debug|x64.Build.0 = Debug|Any CPU
		{047B36D8-9F20-4A9A-99D7-59B518559142}.Debug|x86.ActiveCfg = Debug|Any CPU
		{047B36D8-9F20-4A9A-99D7-59B518559142}.Debug|x86.Build.0 = Debug|Any CPU
		{047B36D8-9F20-4A9A-99D7-59B518559142}.Release|Any CPU.ActiveCfg = Release|Any CPU
		{047B36D8-9F20-4A9A-99D7-59B518559142}.Release|Any CPU.Build.0 = Release|Any CPU
		{047B36D8-9F20-4A9A-99D7-59B518559142}.Release|ARM.ActiveCfg = Release|Any CPU
		{047B36D8-9F20-4A9A-99D7-59B518559142}.Release|ARM.Build.0 = Release|Any CPU
		{047B36D8-9F20-4A9A-99D7-59B518559142}.Release|iPhone.ActiveCfg = Release|Any CPU
		{047B36D8-9F20-4A9A-99D7-59B518559142}.Release|iPhone.Build.0 = Release|Any CPU
		{047B36D8-9F20-4A9A-99D7-59B518559142}.Release|iPhoneSimulator.ActiveCfg = Release|Any CPU
		{047B36D8-9F20-4A9A-99D7-59B518559142}.Release|iPhoneSimulator.Build.0 = Release|Any CPU
		{047B36D8-9F20-4A9A-99D7-59B518559142}.Release|x64.ActiveCfg = Release|Any CPU
		{047B36D8-9F20-4A9A-99D7-59B518559142}.Release|x64.Build.0 = Release|Any CPU
		{047B36D8-9F20-4A9A-99D7-59B518559142}.Release|x86.ActiveCfg = Release|Any CPU
		{047B36D8-9F20-4A9A-99D7-59B518559142}.Release|x86.Build.0 = Release|Any CPU
		{E1CF9DFA-8478-43D0-A9DC-4357FD90A7C8}.Ad-Hoc|Any CPU.ActiveCfg = Debug|Any CPU
		{E1CF9DFA-8478-43D0-A9DC-4357FD90A7C8}.Ad-Hoc|Any CPU.Build.0 = Debug|Any CPU
		{E1CF9DFA-8478-43D0-A9DC-4357FD90A7C8}.Ad-Hoc|ARM.ActiveCfg = Debug|Any CPU
		{E1CF9DFA-8478-43D0-A9DC-4357FD90A7C8}.Ad-Hoc|ARM.Build.0 = Debug|Any CPU
		{E1CF9DFA-8478-43D0-A9DC-4357FD90A7C8}.Ad-Hoc|iPhone.ActiveCfg = Debug|Any CPU
		{E1CF9DFA-8478-43D0-A9DC-4357FD90A7C8}.Ad-Hoc|iPhone.Build.0 = Debug|Any CPU
		{E1CF9DFA-8478-43D0-A9DC-4357FD90A7C8}.Ad-Hoc|iPhoneSimulator.ActiveCfg = Debug|Any CPU
		{E1CF9DFA-8478-43D0-A9DC-4357FD90A7C8}.Ad-Hoc|iPhoneSimulator.Build.0 = Debug|Any CPU
		{E1CF9DFA-8478-43D0-A9DC-4357FD90A7C8}.Ad-Hoc|x64.ActiveCfg = Debug|Any CPU
		{E1CF9DFA-8478-43D0-A9DC-4357FD90A7C8}.Ad-Hoc|x64.Build.0 = Debug|Any CPU
		{E1CF9DFA-8478-43D0-A9DC-4357FD90A7C8}.Ad-Hoc|x86.ActiveCfg = Debug|Any CPU
		{E1CF9DFA-8478-43D0-A9DC-4357FD90A7C8}.Ad-Hoc|x86.Build.0 = Debug|Any CPU
		{E1CF9DFA-8478-43D0-A9DC-4357FD90A7C8}.AppStore|Any CPU.ActiveCfg = Debug|Any CPU
		{E1CF9DFA-8478-43D0-A9DC-4357FD90A7C8}.AppStore|Any CPU.Build.0 = Debug|Any CPU
		{E1CF9DFA-8478-43D0-A9DC-4357FD90A7C8}.AppStore|ARM.ActiveCfg = Debug|Any CPU
		{E1CF9DFA-8478-43D0-A9DC-4357FD90A7C8}.AppStore|ARM.Build.0 = Debug|Any CPU
		{E1CF9DFA-8478-43D0-A9DC-4357FD90A7C8}.AppStore|iPhone.ActiveCfg = Debug|Any CPU
		{E1CF9DFA-8478-43D0-A9DC-4357FD90A7C8}.AppStore|iPhone.Build.0 = Debug|Any CPU
		{E1CF9DFA-8478-43D0-A9DC-4357FD90A7C8}.AppStore|iPhoneSimulator.ActiveCfg = Debug|Any CPU
		{E1CF9DFA-8478-43D0-A9DC-4357FD90A7C8}.AppStore|iPhoneSimulator.Build.0 = Debug|Any CPU
		{E1CF9DFA-8478-43D0-A9DC-4357FD90A7C8}.AppStore|x64.ActiveCfg = Debug|Any CPU
		{E1CF9DFA-8478-43D0-A9DC-4357FD90A7C8}.AppStore|x64.Build.0 = Debug|Any CPU
		{E1CF9DFA-8478-43D0-A9DC-4357FD90A7C8}.AppStore|x86.ActiveCfg = Debug|Any CPU
		{E1CF9DFA-8478-43D0-A9DC-4357FD90A7C8}.AppStore|x86.Build.0 = Debug|Any CPU
		{E1CF9DFA-8478-43D0-A9DC-4357FD90A7C8}.Debug|Any CPU.ActiveCfg = Debug|Any CPU
		{E1CF9DFA-8478-43D0-A9DC-4357FD90A7C8}.Debug|Any CPU.Build.0 = Debug|Any CPU
		{E1CF9DFA-8478-43D0-A9DC-4357FD90A7C8}.Debug|ARM.ActiveCfg = Debug|Any CPU
		{E1CF9DFA-8478-43D0-A9DC-4357FD90A7C8}.Debug|ARM.Build.0 = Debug|Any CPU
		{E1CF9DFA-8478-43D0-A9DC-4357FD90A7C8}.Debug|iPhone.ActiveCfg = Debug|Any CPU
		{E1CF9DFA-8478-43D0-A9DC-4357FD90A7C8}.Debug|iPhone.Build.0 = Debug|Any CPU
		{E1CF9DFA-8478-43D0-A9DC-4357FD90A7C8}.Debug|iPhoneSimulator.ActiveCfg = Debug|Any CPU
		{E1CF9DFA-8478-43D0-A9DC-4357FD90A7C8}.Debug|iPhoneSimulator.Build.0 = Debug|Any CPU
		{E1CF9DFA-8478-43D0-A9DC-4357FD90A7C8}.Debug|x64.ActiveCfg = Debug|Any CPU
		{E1CF9DFA-8478-43D0-A9DC-4357FD90A7C8}.Debug|x64.Build.0 = Debug|Any CPU
		{E1CF9DFA-8478-43D0-A9DC-4357FD90A7C8}.Debug|x86.ActiveCfg = Debug|Any CPU
		{E1CF9DFA-8478-43D0-A9DC-4357FD90A7C8}.Debug|x86.Build.0 = Debug|Any CPU
		{E1CF9DFA-8478-43D0-A9DC-4357FD90A7C8}.Release|Any CPU.ActiveCfg = Release|Any CPU
		{E1CF9DFA-8478-43D0-A9DC-4357FD90A7C8}.Release|Any CPU.Build.0 = Release|Any CPU
		{E1CF9DFA-8478-43D0-A9DC-4357FD90A7C8}.Release|ARM.ActiveCfg = Release|Any CPU
		{E1CF9DFA-8478-43D0-A9DC-4357FD90A7C8}.Release|ARM.Build.0 = Release|Any CPU
		{E1CF9DFA-8478-43D0-A9DC-4357FD90A7C8}.Release|iPhone.ActiveCfg = Release|Any CPU
		{E1CF9DFA-8478-43D0-A9DC-4357FD90A7C8}.Release|iPhone.Build.0 = Release|Any CPU
		{E1CF9DFA-8478-43D0-A9DC-4357FD90A7C8}.Release|iPhoneSimulator.ActiveCfg = Release|Any CPU
		{E1CF9DFA-8478-43D0-A9DC-4357FD90A7C8}.Release|iPhoneSimulator.Build.0 = Release|Any CPU
		{E1CF9DFA-8478-43D0-A9DC-4357FD90A7C8}.Release|x64.ActiveCfg = Release|Any CPU
		{E1CF9DFA-8478-43D0-A9DC-4357FD90A7C8}.Release|x64.Build.0 = Release|Any CPU
		{E1CF9DFA-8478-43D0-A9DC-4357FD90A7C8}.Release|x86.ActiveCfg = Release|Any CPU
		{E1CF9DFA-8478-43D0-A9DC-4357FD90A7C8}.Release|x86.Build.0 = Release|Any CPU
	EndGlobalSection
	GlobalSection(SolutionProperties) = preSolution
		HideSolutionNode = FALSE
	EndGlobalSection
	GlobalSection(ExtensibilityGlobals) = postSolution
		SolutionGuid = {981E4BAD-5402-4392-985D-02891E336C13}
	EndGlobalSection
EndGlobal
